
Microsoft Visual Studio Solution File, Format Version 12.00
# Visual Studio Version 17
VisualStudioVersion = 17.4.33403.182
MinimumVisualStudioVersion = 10.0.40219.1
Project("{FAE04EC0-301F-11D3-BF4B-00C04F79EFBC}") = "ePay.Denominations", "ePay.Denominations\ePay.Denominations.csproj", "{F05B399C-BCB7-4D4E-8FD1-18E4F074A235}"
EndProject
Project("{FAE04EC0-301F-11D3-BF4B-00C04F79EFBC}") = "ePay.Api", "ePay.Api\ePay.Api.csproj", "{91F62739-A2D0-48A4-9854-E04D158B3456}"
EndProject
Project("{FAE04EC0-301F-11D3-BF4B-00C04F79EFBC}") = "ePay.Simulator", "ePay.Simulator\ePay.Simulator.csproj", "{750B67CD-55AA-4216-B763-F9D5E3905975}"
EndProject
Global
	GlobalSection(SolutionConfigurationPlatforms) = preSolution
		Debug|Any CPU = Debug|Any CPU
		Release|Any CPU = Release|Any CPU
	EndGlobalSection
	GlobalSection(ProjectConfigurationPlatforms) = postSolution
		{F05B399C-BCB7-4D4E-8FD1-18E4F074A235}.Debug|Any CPU.ActiveCfg = Debug|Any CPU
		{F05B399C-BCB7-4D4E-8FD1-18E4F074A235}.Debug|Any CPU.Build.0 = Debug|Any CPU
		{F05B399C-BCB7-4D4E-8FD1-18E4F074A235}.Release|Any CPU.ActiveCfg = Release|Any CPU
		{F05B399C-BCB7-4D4E-8FD1-18E4F074A235}.Release|Any CPU.Build.0 = Release|Any CPU
		{91F62739-A2D0-48A4-9854-E04D158B3456}.Debug|Any CPU.ActiveCfg = Debug|Any CPU
		{91F62739-A2D0-48A4-9854-E04D158B3456}.Debug|Any CPU.Build.0 = Debug|Any CPU
		{91F62739-A2D0-48A4-9854-E04D158B3456}.Release|Any CPU.ActiveCfg = Release|Any CPU
		{91F62739-A2D0-48A4-9854-E04D158B3456}.Release|Any CPU.Build.0 = Release|Any CPU
		{750B67CD-55AA-4216-B763-F9D5E3905975}.Debug|Any CPU.ActiveCfg = Debug|Any CPU
		{750B67CD-55AA-4216-B763-F9D5E3905975}.Debug|Any CPU.Build.0 = Debug|Any CPU
		{750B67CD-55AA-4216-B763-F9D5E3905975}.Release|Any CPU.ActiveCfg = Release|Any CPU
		{750B67CD-55AA-4216-B763-F9D5E3905975}.Release|Any CPU.Build.0 = Release|Any CPU
	EndGlobalSection
	GlobalSection(SolutionProperties) = preSolution
		HideSolutionNode = FALSE
	EndGlobalSection
	GlobalSection(ExtensibilityGlobals) = postSolution
		SolutionGuid = {5AC952B2-8924-41F1-8BBA-E4D0064C1DE7}
	EndGlobalSection
EndGlobal
